// !$*UTF8*$!
{
	archiveVersion = 1;
	classes = {
	};
	objectVersion = 46;
	objects = {

/* Begin PBXBuildFile section */
		F0ED50321B6B46190017245A /* FastImageCacheLib.h in CopyFiles */ = {isa = PBXBuildFile; fileRef = F0ED50311B6B46190017245A /* FastImageCacheLib.h */; };
		F0ED503A1B6B46190017245A /* libFastImageCacheLib.a in Frameworks */ = {isa = PBXBuildFile; fileRef = F0ED502E1B6B46190017245A /* libFastImageCacheLib.a */; };
		F0ED50581B6B46390017245A /* FICImageCache.m in Sources */ = {isa = PBXBuildFile; fileRef = F0ED504C1B6B46390017245A /* FICImageCache.m */; };
		F0ED50591B6B46390017245A /* FICImageFormat.m in Sources */ = {isa = PBXBuildFile; fileRef = F0ED504E1B6B46390017245A /* FICImageFormat.m */; };
		F0ED505A1B6B46390017245A /* FICImageTable.m in Sources */ = {isa = PBXBuildFile; fileRef = F0ED50501B6B46390017245A /* FICImageTable.m */; };
		F0ED505B1B6B46390017245A /* FICImageTableChunk.m in Sources */ = {isa = PBXBuildFile; fileRef = F0ED50521B6B46390017245A /* FICImageTableChunk.m */; };
		F0ED505C1B6B46390017245A /* FICImageTableEntry.m in Sources */ = {isa = PBXBuildFile; fileRef = F0ED50541B6B46390017245A /* FICImageTableEntry.m */; };
		F0ED505D1B6B46390017245A /* FICUtilities.m in Sources */ = {isa = PBXBuildFile; fileRef = F0ED50571B6B46390017245A /* FICUtilities.m */; };
		F0ED50651B6B46440017245A /* DZCategories.m in Sources */ = {isa = PBXBuildFile; fileRef = F0ED50601B6B46440017245A /* DZCategories.m */; };
		F0ED50661B6B46440017245A /* DZFICNetworkController.m in Sources */ = {isa = PBXBuildFile; fileRef = F0ED50621B6B46440017245A /* DZFICNetworkController.m */; };
		F0ED50671B6B46440017245A /* DZFICOperation.m in Sources */ = {isa = PBXBuildFile; fileRef = F0ED50641B6B46440017245A /* DZFICOperation.m */; };
		F0ED50691B6B465A0017245A /* DZCategories.h in Headers */ = {isa = PBXBuildFile; fileRef = F0ED505F1B6B46440017245A /* DZCategories.h */; settings = {ATTRIBUTES = (Public, ); }; };
		F0ED506A1B6B465A0017245A /* DZFICNetworkController.h in Headers */ = {isa = PBXBuildFile; fileRef = F0ED50611B6B46440017245A /* DZFICNetworkController.h */; settings = {ATTRIBUTES = (Public, ); }; };
		F0ED506B1B6B465A0017245A /* DZFICOperation.h in Headers */ = {isa = PBXBuildFile; fileRef = F0ED50631B6B46440017245A /* DZFICOperation.h */; settings = {ATTRIBUTES = (Public, ); }; };
		F0ED506C1B6B468B0017245A /* FICEntity.h in Headers */ = {isa = PBXBuildFile; fileRef = F0ED50491B6B46390017245A /* FICEntity.h */; settings = {ATTRIBUTES = (Public, ); }; };
		F0ED506D1B6B468B0017245A /* FICImageCache+FICErrorLogging.h in Headers */ = {isa = PBXBuildFile; fileRef = F0ED504A1B6B46390017245A /* FICImageCache+FICErrorLogging.h */; settings = {ATTRIBUTES = (Public, ); }; };
		F0ED506E1B6B468B0017245A /* FICImageCache.h in Headers */ = {isa = PBXBuildFile; fileRef = F0ED504B1B6B46390017245A /* FICImageCache.h */; settings = {ATTRIBUTES = (Public, ); }; };
		F0ED506F1B6B468B0017245A /* FICImageFormat.h in Headers */ = {isa = PBXBuildFile; fileRef = F0ED504D1B6B46390017245A /* FICImageFormat.h */; settings = {ATTRIBUTES = (Public, ); }; };
		F0ED50701B6B468B0017245A /* FICImageTable.h in Headers */ = {isa = PBXBuildFile; fileRef = F0ED504F1B6B46390017245A /* FICImageTable.h */; settings = {ATTRIBUTES = (Public, ); }; };
		F0ED50711B6B468B0017245A /* FICImageTableChunk.h in Headers */ = {isa = PBXBuildFile; fileRef = F0ED50511B6B46390017245A /* FICImageTableChunk.h */; settings = {ATTRIBUTES = (Public, ); }; };
		F0ED50721B6B468B0017245A /* FICImageTableEntry.h in Headers */ = {isa = PBXBuildFile; fileRef = F0ED50531B6B46390017245A /* FICImageTableEntry.h */; settings = {ATTRIBUTES = (Public, ); }; };
		F0ED50731B6B468B0017245A /* FICUtilities.h in Headers */ = {isa = PBXBuildFile; fileRef = F0ED50561B6B46390017245A /* FICUtilities.h */; settings = {ATTRIBUTES = (Public, ); }; };
		F0ED50741B6B468E0017245A /* FICImports.h in Headers */ = {isa = PBXBuildFile; fileRef = F0ED50551B6B46390017245A /* FICImports.h */; };
/* End PBXBuildFile section */

/* Begin PBXContainerItemProxy section */
		F0ED503B1B6B46190017245A /* PBXContainerItemProxy */ = {
			isa = PBXContainerItemProxy;
			containerPortal = F0ED50261B6B46190017245A /* Project object */;
			proxyType = 1;
			remoteGlobalIDString = F0ED502D1B6B46190017245A;
			remoteInfo = FastImageCacheLib;
		};
/* End PBXContainerItemProxy section */

/* Begin PBXCopyFilesBuildPhase section */
		F0ED502C1B6B46190017245A /* CopyFiles */ = {
			isa = PBXCopyFilesBuildPhase;
			buildActionMask = 2147483647;
			dstPath = "include/$(PRODUCT_NAME)";
			dstSubfolderSpec = 16;
			files = (
				F0ED50321B6B46190017245A /* FastImageCacheLib.h in CopyFiles */,
			);
			runOnlyForDeploymentPostprocessing = 0;
		};
/* End PBXCopyFilesBuildPhase section */

/* Begin PBXFileReference section */
		F0ED502E1B6B46190017245A /* libFastImageCacheLib.a */ = {isa = PBXFileReference; explicitFileType = archive.ar; includeInIndex = 0; path = libFastImageCacheLib.a; sourceTree = BUILT_PRODUCTS_DIR; };
		F0ED50311B6B46190017245A /* FastImageCacheLib.h */ = {isa = PBXFileReference; lastKnownFileType = sourcecode.c.h; path = FastImageCacheLib.h; sourceTree = "<group>"; };
		F0ED50391B6B46190017245A /* FastImageCacheLibTests.xctest */ = {isa = PBXFileReference; explicitFileType = wrapper.cfbundle; includeInIndex = 0; path = FastImageCacheLibTests.xctest; sourceTree = BUILT_PRODUCTS_DIR; };
		F0ED503F1B6B46190017245A /* Info.plist */ = {isa = PBXFileReference; lastKnownFileType = text.plist.xml; path = Info.plist; sourceTree = "<group>"; };
		F0ED50491B6B46390017245A /* FICEntity.h */ = {isa = PBXFileReference; fileEncoding = 4; lastKnownFileType = sourcecode.c.h; path = FICEntity.h; sourceTree = "<group>"; };
		F0ED504A1B6B46390017245A /* FICImageCache+FICErrorLogging.h */ = {isa = PBXFileReference; fileEncoding = 4; lastKnownFileType = sourcecode.c.h; path = "FICImageCache+FICErrorLogging.h"; sourceTree = "<group>"; };
		F0ED504B1B6B46390017245A /* FICImageCache.h */ = {isa = PBXFileReference; fileEncoding = 4; lastKnownFileType = sourcecode.c.h; path = FICImageCache.h; sourceTree = "<group>"; };
		F0ED504C1B6B46390017245A /* FICImageCache.m */ = {isa = PBXFileReference; fileEncoding = 4; lastKnownFileType = sourcecode.c.objc; path = FICImageCache.m; sourceTree = "<group>"; };
		F0ED504D1B6B46390017245A /* FICImageFormat.h */ = {isa = PBXFileReference; fileEncoding = 4; lastKnownFileType = sourcecode.c.h; path = FICImageFormat.h; sourceTree = "<group>"; };
		F0ED504E1B6B46390017245A /* FICImageFormat.m */ = {isa = PBXFileReference; fileEncoding = 4; lastKnownFileType = sourcecode.c.objc; path = FICImageFormat.m; sourceTree = "<group>"; };
		F0ED504F1B6B46390017245A /* FICImageTable.h */ = {isa = PBXFileReference; fileEncoding = 4; lastKnownFileType = sourcecode.c.h; path = FICImageTable.h; sourceTree = "<group>"; };
		F0ED50501B6B46390017245A /* FICImageTable.m */ = {isa = PBXFileReference; fileEncoding = 4; lastKnownFileType = sourcecode.c.objc; path = FICImageTable.m; sourceTree = "<group>"; };
		F0ED50511B6B46390017245A /* FICImageTableChunk.h */ = {isa = PBXFileReference; fileEncoding = 4; lastKnownFileType = sourcecode.c.h; path = FICImageTableChunk.h; sourceTree = "<group>"; };
		F0ED50521B6B46390017245A /* FICImageTableChunk.m */ = {isa = PBXFileReference; fileEncoding = 4; lastKnownFileType = sourcecode.c.objc; path = FICImageTableChunk.m; sourceTree = "<group>"; };
		F0ED50531B6B46390017245A /* FICImageTableEntry.h */ = {isa = PBXFileReference; fileEncoding = 4; lastKnownFileType = sourcecode.c.h; path = FICImageTableEntry.h; sourceTree = "<group>"; };
		F0ED50541B6B46390017245A /* FICImageTableEntry.m */ = {isa = PBXFileReference; fileEncoding = 4; lastKnownFileType = sourcecode.c.objc; path = FICImageTableEntry.m; sourceTree = "<group>"; };
		F0ED50551B6B46390017245A /* FICImports.h */ = {isa = PBXFileReference; fileEncoding = 4; lastKnownFileType = sourcecode.c.h; path = FICImports.h; sourceTree = "<group>"; };
		F0ED50561B6B46390017245A /* FICUtilities.h */ = {isa = PBXFileReference; fileEncoding = 4; lastKnownFileType = sourcecode.c.h; path = FICUtilities.h; sourceTree = "<group>"; };
		F0ED50571B6B46390017245A /* FICUtilities.m */ = {isa = PBXFileReference; fileEncoding = 4; lastKnownFileType = sourcecode.c.objc; path = FICUtilities.m; sourceTree = "<group>"; };
		F0ED505F1B6B46440017245A /* DZCategories.h */ = {isa = PBXFileReference; fileEncoding = 4; lastKnownFileType = sourcecode.c.h; path = DZCategories.h; sourceTree = "<group>"; };
		F0ED50601B6B46440017245A /* DZCategories.m */ = {isa = PBXFileReference; fileEncoding = 4; lastKnownFileType = sourcecode.c.objc; path = DZCategories.m; sourceTree = "<group>"; };
		F0ED50611B6B46440017245A /* DZFICNetworkController.h */ = {isa = PBXFileReference; fileEncoding = 4; lastKnownFileType = sourcecode.c.h; path = DZFICNetworkController.h; sourceTree = "<group>"; };
		F0ED50621B6B46440017245A /* DZFICNetworkController.m */ = {isa = PBXFileReference; fileEncoding = 4; lastKnownFileType = sourcecode.c.objc; path = DZFICNetworkController.m; sourceTree = "<group>"; };
		F0ED50631B6B46440017245A /* DZFICOperation.h */ = {isa = PBXFileReference; fileEncoding = 4; lastKnownFileType = sourcecode.c.h; path = DZFICOperation.h; sourceTree = "<group>"; };
		F0ED50641B6B46440017245A /* DZFICOperation.m */ = {isa = PBXFileReference; fileEncoding = 4; lastKnownFileType = sourcecode.c.objc; path = DZFICOperation.m; sourceTree = "<group>"; };
/* End PBXFileReference section */

/* Begin PBXFrameworksBuildPhase section */
		F0ED502B1B6B46190017245A /* Frameworks */ = {
			isa = PBXFrameworksBuildPhase;
			buildActionMask = 2147483647;
			files = (
			);
			runOnlyForDeploymentPostprocessing = 0;
		};
		F0ED50361B6B46190017245A /* Frameworks */ = {
			isa = PBXFrameworksBuildPhase;
			buildActionMask = 2147483647;
			files = (
				F0ED503A1B6B46190017245A /* libFastImageCacheLib.a in Frameworks */,
			);
			runOnlyForDeploymentPostprocessing = 0;
		};
/* End PBXFrameworksBuildPhase section */

/* Begin PBXGroup section */
		F0ED50251B6B46190017245A = {
			isa = PBXGroup;
			children = (
				F0ED50301B6B46190017245A /* FastImageCacheLib */,
				F0ED503D1B6B46190017245A /* FastImageCacheLibTests */,
				F0ED502F1B6B46190017245A /* Products */,
			);
			sourceTree = "<group>";
		};
		F0ED502F1B6B46190017245A /* Products */ = {
			isa = PBXGroup;
			children = (
				F0ED502E1B6B46190017245A /* libFastImageCacheLib.a */,
				F0ED50391B6B46190017245A /* FastImageCacheLibTests.xctest */,
			);
			name = Products;
			sourceTree = "<group>";
		};
		F0ED50301B6B46190017245A /* FastImageCacheLib */ = {
			isa = PBXGroup;
			children = (
				F0ED50311B6B46190017245A /* FastImageCacheLib.h */,
				F0ED50481B6B46390017245A /* FastImageCache */,
			);
			path = FastImageCacheLib;
			sourceTree = "<group>";
		};
		F0ED503D1B6B46190017245A /* FastImageCacheLibTests */ = {
			isa = PBXGroup;
			children = (
				F0ED503E1B6B46190017245A /* Supporting Files */,
			);
			path = FastImageCacheLibTests;
			sourceTree = "<group>";
		};
		F0ED503E1B6B46190017245A /* Supporting Files */ = {
			isa = PBXGroup;
			children = (
				F0ED503F1B6B46190017245A /* Info.plist */,
			);
			name = "Supporting Files";
			sourceTree = "<group>";
		};
		F0ED50481B6B46390017245A /* FastImageCache */ = {
			isa = PBXGroup;
			children = (
				F0ED505E1B6B46440017245A /* DZClasses */,
				F0ED50491B6B46390017245A /* FICEntity.h */,
				F0ED504A1B6B46390017245A /* FICImageCache+FICErrorLogging.h */,
				F0ED504B1B6B46390017245A /* FICImageCache.h */,
				F0ED504C1B6B46390017245A /* FICImageCache.m */,
				F0ED504D1B6B46390017245A /* FICImageFormat.h */,
				F0ED504E1B6B46390017245A /* FICImageFormat.m */,
				F0ED504F1B6B46390017245A /* FICImageTable.h */,
				F0ED50501B6B46390017245A /* FICImageTable.m */,
				F0ED50511B6B46390017245A /* FICImageTableChunk.h */,
				F0ED50521B6B46390017245A /* FICImageTableChunk.m */,
				F0ED50531B6B46390017245A /* FICImageTableEntry.h */,
				F0ED50541B6B46390017245A /* FICImageTableEntry.m */,
				F0ED50551B6B46390017245A /* FICImports.h */,
				F0ED50561B6B46390017245A /* FICUtilities.h */,
				F0ED50571B6B46390017245A /* FICUtilities.m */,
			);
			name = FastImageCache;
			path = ../../FastImageCache;
			sourceTree = "<group>";
		};
		F0ED505E1B6B46440017245A /* DZClasses */ = {
			isa = PBXGroup;
			children = (
				F0ED505F1B6B46440017245A /* DZCategories.h */,
				F0ED50601B6B46440017245A /* DZCategories.m */,
				F0ED50611B6B46440017245A /* DZFICNetworkController.h */,
				F0ED50621B6B46440017245A /* DZFICNetworkController.m */,
				F0ED50631B6B46440017245A /* DZFICOperation.h */,
				F0ED50641B6B46440017245A /* DZFICOperation.m */,
			);
			name = DZClasses;
			path = ../DZClasses;
			sourceTree = "<group>";
		};
/* End PBXGroup section */

/* Begin PBXHeadersBuildPhase section */
		F0ED50681B6B464F0017245A /* Headers */ = {
			isa = PBXHeadersBuildPhase;
			buildActionMask = 2147483647;
			files = (
				F0ED50691B6B465A0017245A /* DZCategories.h in Headers */,
				F0ED506A1B6B465A0017245A /* DZFICNetworkController.h in Headers */,
				F0ED506B1B6B465A0017245A /* DZFICOperation.h in Headers */,
				F0ED506C1B6B468B0017245A /* FICEntity.h in Headers */,
				F0ED506D1B6B468B0017245A /* FICImageCache+FICErrorLogging.h in Headers */,
				F0ED506E1B6B468B0017245A /* FICImageCache.h in Headers */,
				F0ED506F1B6B468B0017245A /* FICImageFormat.h in Headers */,
				F0ED50701B6B468B0017245A /* FICImageTable.h in Headers */,
				F0ED50711B6B468B0017245A /* FICImageTableChunk.h in Headers */,
				F0ED50721B6B468B0017245A /* FICImageTableEntry.h in Headers */,
				F0ED50731B6B468B0017245A /* FICUtilities.h in Headers */,
				F0ED50741B6B468E0017245A /* FICImports.h in Headers */,
			);
			runOnlyForDeploymentPostprocessing = 0;
		};
/* End PBXHeadersBuildPhase section */

/* Begin PBXNativeTarget section */
		F0ED502D1B6B46190017245A /* FastImageCacheLib */ = {
			isa = PBXNativeTarget;
			buildConfigurationList = F0ED50421B6B46190017245A /* Build configuration list for PBXNativeTarget "FastImageCacheLib" */;
			buildPhases = (
				F0ED502A1B6B46190017245A /* Sources */,
				F0ED502B1B6B46190017245A /* Frameworks */,
				F0ED502C1B6B46190017245A /* CopyFiles */,
				F0ED50681B6B464F0017245A /* Headers */,
			);
			buildRules = (
			);
			dependencies = (
			);
			name = FastImageCacheLib;
			productName = FastImageCacheLib;
			productReference = F0ED502E1B6B46190017245A /* libFastImageCacheLib.a */;
			productType = "com.apple.product-type.library.static";
		};
		F0ED50381B6B46190017245A /* FastImageCacheLibTests */ = {
			isa = PBXNativeTarget;
			buildConfigurationList = F0ED50451B6B46190017245A /* Build configuration list for PBXNativeTarget "FastImageCacheLibTests" */;
			buildPhases = (
				F0ED50351B6B46190017245A /* Sources */,
				F0ED50361B6B46190017245A /* Frameworks */,
				F0ED50371B6B46190017245A /* Resources */,
			);
			buildRules = (
			);
			dependencies = (
				F0ED503C1B6B46190017245A /* PBXTargetDependency */,
			);
			name = FastImageCacheLibTests;
			productName = FastImageCacheLibTests;
			productReference = F0ED50391B6B46190017245A /* FastImageCacheLibTests.xctest */;
			productType = "com.apple.product-type.bundle.unit-test";
		};
/* End PBXNativeTarget section */

/* Begin PBXProject section */
		F0ED50261B6B46190017245A /* Project object */ = {
			isa = PBXProject;
			attributes = {
				LastUpgradeCheck = 0640;
				ORGANIZATIONNAME = "Dezine Zync Studios LLP.";
				TargetAttributes = {
					F0ED502D1B6B46190017245A = {
						CreatedOnToolsVersion = 6.4;
					};
					F0ED50381B6B46190017245A = {
						CreatedOnToolsVersion = 6.4;
					};
				};
			};
			buildConfigurationList = F0ED50291B6B46190017245A /* Build configuration list for PBXProject "FastImageCacheLib" */;
			compatibilityVersion = "Xcode 3.2";
			developmentRegion = English;
			hasScannedForEncodings = 0;
			knownRegions = (
				en,
			);
			mainGroup = F0ED50251B6B46190017245A;
			productRefGroup = F0ED502F1B6B46190017245A /* Products */;
			projectDirPath = "";
			projectRoot = "";
			targets = (
				F0ED502D1B6B46190017245A /* FastImageCacheLib */,
				F0ED50381B6B46190017245A /* FastImageCacheLibTests */,
			);
		};
/* End PBXProject section */

/* Begin PBXResourcesBuildPhase section */
		F0ED50371B6B46190017245A /* Resources */ = {
			isa = PBXResourcesBuildPhase;
			buildActionMask = 2147483647;
			files = (
			);
			runOnlyForDeploymentPostprocessing = 0;
		};
/* End PBXResourcesBuildPhase section */

/* Begin PBXSourcesBuildPhase section */
		F0ED502A1B6B46190017245A /* Sources */ = {
			isa = PBXSourcesBuildPhase;
			buildActionMask = 2147483647;
			files = (
				F0ED505A1B6B46390017245A /* FICImageTable.m in Sources */,
				F0ED50661B6B46440017245A /* DZFICNetworkController.m in Sources */,
				F0ED505B1B6B46390017245A /* FICImageTableChunk.m in Sources */,
				F0ED50581B6B46390017245A /* FICImageCache.m in Sources */,
				F0ED50671B6B46440017245A /* DZFICOperation.m in Sources */,
				F0ED505D1B6B46390017245A /* FICUtilities.m in Sources */,
				F0ED50651B6B46440017245A /* DZCategories.m in Sources */,
				F0ED505C1B6B46390017245A /* FICImageTableEntry.m in Sources */,
				F0ED50591B6B46390017245A /* FICImageFormat.m in Sources */,
			);
			runOnlyForDeploymentPostprocessing = 0;
		};
		F0ED50351B6B46190017245A /* Sources */ = {
			isa = PBXSourcesBuildPhase;
			buildActionMask = 2147483647;
			files = (
			);
			runOnlyForDeploymentPostprocessing = 0;
		};
/* End PBXSourcesBuildPhase section */

/* Begin PBXTargetDependency section */
		F0ED503C1B6B46190017245A /* PBXTargetDependency */ = {
			isa = PBXTargetDependency;
			target = F0ED502D1B6B46190017245A /* FastImageCacheLib */;
			targetProxy = F0ED503B1B6B46190017245A /* PBXContainerItemProxy */;
		};
/* End PBXTargetDependency section */

/* Begin XCBuildConfiguration section */
		F0ED50401B6B46190017245A /* Debug */ = {
			isa = XCBuildConfiguration;
			buildSettings = {
				ALWAYS_SEARCH_USER_PATHS = NO;
				CLANG_CXX_LANGUAGE_STANDARD = "gnu++0x";
				CLANG_CXX_LIBRARY = "libc++";
				CLANG_ENABLE_MODULES = YES;
				CLANG_ENABLE_OBJC_ARC = YES;
				CLANG_WARN_BOOL_CONVERSION = YES;
				CLANG_WARN_CONSTANT_CONVERSION = YES;
				CLANG_WARN_DIRECT_OBJC_ISA_USAGE = YES_ERROR;
				CLANG_WARN_EMPTY_BODY = YES;
				CLANG_WARN_ENUM_CONVERSION = YES;
				CLANG_WARN_INT_CONVERSION = YES;
				CLANG_WARN_OBJC_ROOT_CLASS = YES_ERROR;
				CLANG_WARN_UNREACHABLE_CODE = YES;
				CLANG_WARN__DUPLICATE_METHOD_MATCH = YES;
				COPY_PHASE_STRIP = NO;
				DEBUG_INFORMATION_FORMAT = "dwarf-with-dsym";
				ENABLE_STRICT_OBJC_MSGSEND = YES;
				GCC_C_LANGUAGE_STANDARD = gnu99;
				GCC_DYNAMIC_NO_PIC = NO;
				GCC_NO_COMMON_BLOCKS = YES;
				GCC_OPTIMIZATION_LEVEL = 0;
				GCC_PREPROCESSOR_DEFINITIONS = (
					"DEBUG=1",
					"$(inherited)",
				);
				GCC_SYMBOLS_PRIVATE_EXTERN = NO;
				GCC_WARN_64_TO_32_BIT_CONVERSION = YES;
				GCC_WARN_ABOUT_RETURN_TYPE = YES_ERROR;
				GCC_WARN_UNDECLARED_SELECTOR = YES;
				GCC_WARN_UNINITIALIZED_AUTOS = YES_AGGRESSIVE;
				GCC_WARN_UNUSED_FUNCTION = YES;
				GCC_WARN_UNUSED_VARIABLE = YES;
				IPHONEOS_DEPLOYMENT_TARGET = 8.4;
				MTL_ENABLE_DEBUG_INFO = YES;
				ONLY_ACTIVE_ARCH = YES;
				SDKROOT = iphoneos;
			};
			name = Debug;
		};
		F0ED50411B6B46190017245A /* Release */ = {
			isa = XCBuildConfiguration;
			buildSettings = {
				ALWAYS_SEARCH_USER_PATHS = NO;
				CLANG_CXX_LANGUAGE_STANDARD = "gnu++0x";
				CLANG_CXX_LIBRARY = "libc++";
				CLANG_ENABLE_MODULES = YES;
				CLANG_ENABLE_OBJC_ARC = YES;
				CLANG_WARN_BOOL_CONVERSION = YES;
				CLANG_WARN_CONSTANT_CONVERSION = YES;
				CLANG_WARN_DIRECT_OBJC_ISA_USAGE = YES_ERROR;
				CLANG_WARN_EMPTY_BODY = YES;
				CLANG_WARN_ENUM_CONVERSION = YES;
				CLANG_WARN_INT_CONVERSION = YES;
				CLANG_WARN_OBJC_ROOT_CLASS = YES_ERROR;
				CLANG_WARN_UNREACHABLE_CODE = YES;
				CLANG_WARN__DUPLICATE_METHOD_MATCH = YES;
				COPY_PHASE_STRIP = NO;
				DEBUG_INFORMATION_FORMAT = "dwarf-with-dsym";
				ENABLE_NS_ASSERTIONS = NO;
				ENABLE_STRICT_OBJC_MSGSEND = YES;
				GCC_C_LANGUAGE_STANDARD = gnu99;
				GCC_NO_COMMON_BLOCKS = YES;
				GCC_WARN_64_TO_32_BIT_CONVERSION = YES;
				GCC_WARN_ABOUT_RETURN_TYPE = YES_ERROR;
				GCC_WARN_UNDECLARED_SELECTOR = YES;
				GCC_WARN_UNINITIALIZED_AUTOS = YES_AGGRESSIVE;
				GCC_WARN_UNUSED_FUNCTION = YES;
				GCC_WARN_UNUSED_VARIABLE = YES;
				IPHONEOS_DEPLOYMENT_TARGET = 8.4;
				MTL_ENABLE_DEBUG_INFO = NO;
				SDKROOT = iphoneos;
				VALIDATE_PRODUCT = YES;
			};
			name = Release;
		};
		F0ED50431B6B46190017245A /* Debug */ = {
			isa = XCBuildConfiguration;
			buildSettings = {
				OTHER_LDFLAGS = "-ObjC";
				PRODUCT_NAME = "$(TARGET_NAME)";
				SKIP_INSTALL = YES;
			};
			name = Debug;
		};
		F0ED50441B6B46190017245A /* Release */ = {
			isa = XCBuildConfiguration;
			buildSettings = {
				OTHER_LDFLAGS = "-ObjC";
				PRODUCT_NAME = "$(TARGET_NAME)";
				SKIP_INSTALL = YES;
			};
			name = Release;
		};
		F0ED50461B6B46190017245A /* Debug */ = {
			isa = XCBuildConfiguration;
			buildSettings = {
				"CODE_SIGN_IDENTITY[sdk=iphoneos*]" = "iPhone Developer";
				FRAMEWORK_SEARCH_PATHS = (
					"$(SDKROOT)/Developer/Library/Frameworks",
					"$(inherited)",
				);
				GCC_PREPROCESSOR_DEFINITIONS = (
					"DEBUG=1",
					"$(inherited)",
				);
				INFOPLIST_FILE = FastImageCacheLibTests/Info.plist;
				LD_RUNPATH_SEARCH_PATHS = "$(inherited) @executable_path/Frameworks @loader_path/Frameworks";
				PRODUCT_NAME = "$(TARGET_NAME)";
			};
			name = Debug;
		};
		F0ED50471B6B46190017245A /* Release */ = {
			isa = XCBuildConfiguration;
			buildSettings = {
				"CODE_SIGN_IDENTITY[sdk=iphoneos*]" = "iPhone Developer";
				FRAMEWORK_SEARCH_PATHS = (
					"$(SDKROOT)/Developer/Library/Frameworks",
					"$(inherited)",
				);
				INFOPLIST_FILE = FastImageCacheLibTests/Info.plist;
				LD_RUNPATH_SEARCH_PATHS = "$(inherited) @executable_path/Frameworks @loader_path/Frameworks";
				PRODUCT_NAME = "$(TARGET_NAME)";
			};
			name = Release;
		};
/* End XCBuildConfiguration section */

/* Begin XCConfigurationList section */
		F0ED50291B6B46190017245A /* Build configuration list for PBXProject "FastImageCacheLib" */ = {
			isa = XCConfigurationList;
			buildConfigurations = (
				F0ED50401B6B46190017245A /* Debug */,
				F0ED50411B6B46190017245A /* Release */,
			);
			defaultConfigurationIsVisible = 0;
			defaultConfigurationName = Release;
		};
		F0ED50421B6B46190017245A /* Build configuration list for PBXNativeTarget "FastImageCacheLib" */ = {
			isa = XCConfigurationList;
			buildConfigurations = (
				F0ED50431B6B46190017245A /* Debug */,
				F0ED50441B6B46190017245A /* Release */,
			);
			defaultConfigurationIsVisible = 0;
			defaultConfigurationName = Release;
		};
		F0ED50451B6B46190017245A /* Build configuration list for PBXNativeTarget "FastImageCacheLibTests" */ = {
			isa = XCConfigurationList;
			buildConfigurations = (
				F0ED50461B6B46190017245A /* Debug */,
				F0ED50471B6B46190017245A /* Release */,
			);
			defaultConfigurationIsVisible = 0;
			defaultConfigurationName = Release;
		};
/* End XCConfigurationList section */
	};
	rootObject = F0ED50261B6B46190017245A /* Project object */;
}
